// !$*UTF8*$!
{
	archiveVersion = 1;
	classes = {
	};
	objectVersion = 50;
	objects = {

/* Begin PBXBuildFile section */
		60A66E3525A2C1E6007830CE /* AppDelegate.swift in Sources */ = {isa = PBXBuildFile; fileRef = 60A66E3425A2C1E6007830CE /* AppDelegate.swift */; };
		60A66E3725A2C1E6007830CE /* SceneDelegate.swift in Sources */ = {isa = PBXBuildFile; fileRef = 60A66E3625A2C1E6007830CE /* SceneDelegate.swift */; };
		60A66E3925A2C1E6007830CE /* ViewController.swift in Sources */ = {isa = PBXBuildFile; fileRef = 60A66E3825A2C1E6007830CE /* ViewController.swift */; };
		60A66E3C25A2C1E6007830CE /* Main.storyboard in Resources */ = {isa = PBXBuildFile; fileRef = 60A66E3A25A2C1E6007830CE /* Main.storyboard */; };
		60A66E3E25A2C1E8007830CE /* Assets.xcassets in Resources */ = {isa = PBXBuildFile; fileRef = 60A66E3D25A2C1E8007830CE /* Assets.xcassets */; };
		60A66E4125A2C1E8007830CE /* LaunchScreen.storyboard in Resources */ = {isa = PBXBuildFile; fileRef = 60A66E3F25A2C1E8007830CE /* LaunchScreen.storyboard */; };
		60A66E4B25A2C217007830CE /* SearchResultCollectionView.swift in Sources */ = {isa = PBXBuildFile; fileRef = 60A66E4925A2C217007830CE /* SearchResultCollectionView.swift */; };
		60A66E4C25A2C217007830CE /* SearchResultCollectionViewCell.swift in Sources */ = {isa = PBXBuildFile; fileRef = 60A66E4A25A2C217007830CE /* SearchResultCollectionViewCell.swift */; };
		60A66E4F25A2C3E1007830CE /* Marco.swift in Sources */ = {isa = PBXBuildFile; fileRef = 60A66E4E25A2C3E1007830CE /* Marco.swift */; };
		DEC64BE1840A23C22A433F85 /* Pods_HYAnimationCollectionView.framework in Frameworks */ = {isa = PBXBuildFile; fileRef = 48A7497894AA3DDBD4AD42C7 /* Pods_HYAnimationCollectionView.framework */; };
/* End PBXBuildFile section */

/* Begin PBXFileReference section */
		48A7497894AA3DDBD4AD42C7 /* Pods_HYAnimationCollectionView.framework */ = {isa = PBXFileReference; explicitFileType = wrapper.framework; includeInIndex = 0; path = Pods_HYAnimationCollectionView.framework; sourceTree = BUILT_PRODUCTS_DIR; };
		60A66E3125A2C1E6007830CE /* HYAnimationCollectionView.app */ = {isa = PBXFileReference; explicitFileType = wrapper.application; includeInIndex = 0; path = HYAnimationCollectionView.app; sourceTree = BUILT_PRODUCTS_DIR; };
		60A66E3425A2C1E6007830CE /* AppDelegate.swift */ = {isa = PBXFileReference; lastKnownFileType = sourcecode.swift; path = AppDelegate.swift; sourceTree = "<group>"; };
		60A66E3625A2C1E6007830CE /* SceneDelegate.swift */ = {isa = PBXFileReference; lastKnownFileType = sourcecode.swift; path = SceneDelegate.swift; sourceTree = "<group>"; };
		60A66E3825A2C1E6007830CE /* ViewController.swift */ = {isa = PBXFileReference; lastKnownFileType = sourcecode.swift; path = ViewController.swift; sourceTree = "<group>"; };
		60A66E3B25A2C1E6007830CE /* Base */ = {isa = PBXFileReference; lastKnownFileType = file.storyboard; name = Base; path = Base.lproj/Main.storyboard; sourceTree = "<group>"; };
		60A66E3D25A2C1E8007830CE /* Assets.xcassets */ = {isa = PBXFileReference; lastKnownFileType = folder.assetcatalog; path = Assets.xcassets; sourceTree = "<group>"; };
		60A66E4025A2C1E8007830CE /* Base */ = {isa = PBXFileReference; lastKnownFileType = file.storyboard; name = Base; path = Base.lproj/LaunchScreen.storyboard; sourceTree = "<group>"; };
		60A66E4225A2C1E8007830CE /* Info.plist */ = {isa = PBXFileReference; lastKnownFileType = text.plist.xml; path = Info.plist; sourceTree = "<group>"; };
		60A66E4925A2C217007830CE /* SearchResultCollectionView.swift */ = {isa = PBXFileReference; fileEncoding = 4; lastKnownFileType = sourcecode.swift; path = SearchResultCollectionView.swift; sourceTree = "<group>"; };
		60A66E4A25A2C217007830CE /* SearchResultCollectionViewCell.swift */ = {isa = PBXFileReference; fileEncoding = 4; lastKnownFileType = sourcecode.swift; path = SearchResultCollectionViewCell.swift; sourceTree = "<group>"; };
		60A66E4E25A2C3E1007830CE /* Marco.swift */ = {isa = PBXFileReference; lastKnownFileType = sourcecode.swift; path = Marco.swift; sourceTree = "<group>"; };
		79B41000A3E344A87D914296 /* Pods-HYAnimationCollectionView.debug.xcconfig */ = {isa = PBXFileReference; includeInIndex = 1; lastKnownFileType = text.xcconfig; name = "Pods-HYAnimationCollectionView.debug.xcconfig"; path = "Target Support Files/Pods-HYAnimationCollectionView/Pods-HYAnimationCollectionView.debug.xcconfig"; sourceTree = "<group>"; };
		D4559AEF8276B95895F5E73A /* Pods-HYAnimationCollectionView.release.xcconfig */ = {isa = PBXFileReference; includeInIndex = 1; lastKnownFileType = text.xcconfig; name = "Pods-HYAnimationCollectionView.release.xcconfig"; path = "Target Support Files/Pods-HYAnimationCollectionView/Pods-HYAnimationCollectionView.release.xcconfig"; sourceTree = "<group>"; };
/* End PBXFileReference section */

/* Begin PBXFrameworksBuildPhase section */
		60A66E2E25A2C1E6007830CE /* Frameworks */ = {
			isa = PBXFrameworksBuildPhase;
			buildActionMask = 2147483647;
			files = (
				DEC64BE1840A23C22A433F85 /* Pods_HYAnimationCollectionView.framework in Frameworks */,
			);
			runOnlyForDeploymentPostprocessing = 0;
		};
/* End PBXFrameworksBuildPhase section */

/* Begin PBXGroup section */
		4540CAD5384BE0385F64C885 /* Pods */ = {
			isa = PBXGroup;
			children = (
				79B41000A3E344A87D914296 /* Pods-HYAnimationCollectionView.debug.xcconfig */,
				D4559AEF8276B95895F5E73A /* Pods-HYAnimationCollectionView.release.xcconfig */,
			);
			name = Pods;
			path = Pods;
			sourceTree = "<group>";
		};
		60A66E2825A2C1E6007830CE = {
			isa = PBXGroup;
			children = (
				60A66E3325A2C1E6007830CE /* HYAnimationCollectionView */,
				60A66E3225A2C1E6007830CE /* Products */,
				4540CAD5384BE0385F64C885 /* Pods */,
				BC995BED8C12C72B90935BD6 /* Frameworks */,
			);
			sourceTree = "<group>";
		};
		60A66E3225A2C1E6007830CE /* Products */ = {
			isa = PBXGroup;
			children = (
				60A66E3125A2C1E6007830CE /* HYAnimationCollectionView.app */,
			);
			name = Products;
			sourceTree = "<group>";
		};
		60A66E3325A2C1E6007830CE /* HYAnimationCollectionView */ = {
			isa = PBXGroup;
			children = (
				60A66E3425A2C1E6007830CE /* AppDelegate.swift */,
				60A66E3625A2C1E6007830CE /* SceneDelegate.swift */,
				60A66E3825A2C1E6007830CE /* ViewController.swift */,
				60A66E4925A2C217007830CE /* SearchResultCollectionView.swift */,
				60A66E4A25A2C217007830CE /* SearchResultCollectionViewCell.swift */,
				60A66E4E25A2C3E1007830CE /* Marco.swift */,
				60A66E3A25A2C1E6007830CE /* Main.storyboard */,
				60A66E3D25A2C1E8007830CE /* Assets.xcassets */,
				60A66E3F25A2C1E8007830CE /* LaunchScreen.storyboard */,
				60A66E4225A2C1E8007830CE /* Info.plist */,
			);
			path = HYAnimationCollectionView;
			sourceTree = "<group>";
		};
		BC995BED8C12C72B90935BD6 /* Frameworks */ = {
			isa = PBXGroup;
			children = (
				48A7497894AA3DDBD4AD42C7 /* Pods_HYAnimationCollectionView.framework */,
			);
			name = Frameworks;
			sourceTree = "<group>";
		};
/* End PBXGroup section */

/* Begin PBXNativeTarget section */
		60A66E3025A2C1E6007830CE /* HYAnimationCollectionView */ = {
			isa = PBXNativeTarget;
			buildConfigurationList = 60A66E4525A2C1E8007830CE /* Build configuration list for PBXNativeTarget "HYAnimationCollectionView" */;
			buildPhases = (
				7B4D25FB3C0626B595689100 /* [CP] Check Pods Manifest.lock */,
				60A66E2D25A2C1E6007830CE /* Sources */,
				60A66E2E25A2C1E6007830CE /* Frameworks */,
				60A66E2F25A2C1E6007830CE /* Resources */,
				51F13166CF23ABBDCE9F9AAC /* [CP] Embed Pods Frameworks */,
			);
			buildRules = (
			);
			dependencies = (
			);
			name = HYAnimationCollectionView;
			productName = HYAnimationCollectionView;
			productReference = 60A66E3125A2C1E6007830CE /* HYAnimationCollectionView.app */;
			productType = "com.apple.product-type.application";
		};
/* End PBXNativeTarget section */

/* Begin PBXProject section */
		60A66E2925A2C1E6007830CE /* Project object */ = {
			isa = PBXProject;
			attributes = {
				LastSwiftUpdateCheck = 1230;
				LastUpgradeCheck = 1230;
				TargetAttributes = {
					60A66E3025A2C1E6007830CE = {
						CreatedOnToolsVersion = 12.3;
					};
				};
			};
			buildConfigurationList = 60A66E2C25A2C1E6007830CE /* Build configuration list for PBXProject "HYAnimationCollectionView" */;
			compatibilityVersion = "Xcode 9.3";
			developmentRegion = en;
			hasScannedForEncodings = 0;
			knownRegions = (
				en,
				Base,
			);
			mainGroup = 60A66E2825A2C1E6007830CE;
			productRefGroup = 60A66E3225A2C1E6007830CE /* Products */;
			projectDirPath = "";
			projectRoot = "";
			targets = (
				60A66E3025A2C1E6007830CE /* HYAnimationCollectionView */,
			);
		};
/* End PBXProject section */

/* Begin PBXResourcesBuildPhase section */
		60A66E2F25A2C1E6007830CE /* Resources */ = {
			isa = PBXResourcesBuildPhase;
			buildActionMask = 2147483647;
			files = (
				60A66E4125A2C1E8007830CE /* LaunchScreen.storyboard in Resources */,
				60A66E3E25A2C1E8007830CE /* Assets.xcassets in Resources */,
				60A66E3C25A2C1E6007830CE /* Main.storyboard in Resources */,
			);
			runOnlyForDeploymentPostprocessing = 0;
		};
/* End PBXResourcesBuildPhase section */

/* Begin PBXShellScriptBuildPhase section */
		51F13166CF23ABBDCE9F9AAC /* [CP] Embed Pods Frameworks */ = {
			isa = PBXShellScriptBuildPhase;
			buildActionMask = 2147483647;
			files = (
			);
			inputFileListPaths = (
				"${PODS_ROOT}/Target Support Files/Pods-HYAnimationCollectionView/Pods-HYAnimationCollectionView-frameworks-${CONFIGURATION}-input-files.xcfilelist",
			);
			name = "[CP] Embed Pods Frameworks";
			outputFileListPaths = (
				"${PODS_ROOT}/Target Support Files/Pods-HYAnimationCollectionView/Pods-HYAnimationCollectionView-frameworks-${CONFIGURATION}-output-files.xcfilelist",
			);
			runOnlyForDeploymentPostprocessing = 0;
			shellPath = /bin/sh;
			shellScript = "\"${PODS_ROOT}/Target Support Files/Pods-HYAnimationCollectionView/Pods-HYAnimationCollectionView-frameworks.sh\"\n";
			showEnvVarsInLog = 0;
		};
		7B4D25FB3C0626B595689100 /* [CP] Check Pods Manifest.lock */ = {
			isa = PBXShellScriptBuildPhase;
			buildActionMask = 2147483647;
			files = (
			);
			inputFileListPaths = (
			);
			inputPaths = (
				"${PODS_PODFILE_DIR_PATH}/Podfile.lock",
				"${PODS_ROOT}/Manifest.lock",
			);
			name = "[CP] Check Pods Manifest.lock";
			outputFileListPaths = (
			);
			outputPaths = (
				"$(DERIVED_FILE_DIR)/Pods-HYAnimationCollectionView-checkManifestLockResult.txt",
			);
			runOnlyForDeploymentPostprocessing = 0;
			shellPath = /bin/sh;
			shellScript = "diff \"${PODS_PODFILE_DIR_PATH}/Podfile.lock\" \"${PODS_ROOT}/Manifest.lock\" > /dev/null\nif [ $? != 0 ] ; then\n    # print error to STDERR\n    echo \"error: The sandbox is not in sync with the Podfile.lock. Run 'pod install' or update your CocoaPods installation.\" >&2\n    exit 1\nfi\n# This output is used by Xcode 'outputs' to avoid re-running this script phase.\necho \"SUCCESS\" > \"${SCRIPT_OUTPUT_FILE_0}\"\n";
			showEnvVarsInLog = 0;
		};
/* End PBXShellScriptBuildPhase section */

/* Begin PBXSourcesBuildPhase section */
		60A66E2D25A2C1E6007830CE /* Sources */ = {
			isa = PBXSourcesBuildPhase;
			buildActionMask = 2147483647;
			files = (
				60A66E3925A2C1E6007830CE /* ViewController.swift in Sources */,
				60A66E3525A2C1E6007830CE /* AppDelegate.swift in Sources */,
				60A66E4F25A2C3E1007830CE /* Marco.swift in Sources */,
				60A66E4B25A2C217007830CE /* SearchResultCollectionView.swift in Sources */,
				60A66E3725A2C1E6007830CE /* SceneDelegate.swift in Sources */,
				60A66E4C25A2C217007830CE /* SearchResultCollectionViewCell.swift in Sources */,
			);
			runOnlyForDeploymentPostprocessing = 0;
		};
/* End PBXSourcesBuildPhase section */

/* Begin PBXVariantGroup section */
		60A66E3A25A2C1E6007830CE /* Main.storyboard */ = {
			isa = PBXVariantGroup;
			children = (
				60A66E3B25A2C1E6007830CE /* Base */,
			);
			name = Main.storyboard;
			sourceTree = "<group>";
		};
		60A66E3F25A2C1E8007830CE /* LaunchScreen.storyboard */ = {
			isa = PBXVariantGroup;
			children = (
				60A66E4025A2C1E8007830CE /* Base */,
			);
			name = LaunchScreen.storyboard;
			sourceTree = "<group>";
		};
/* End PBXVariantGroup section */

/* Begin XCBuildConfiguration section */
		60A66E4325A2C1E8007830CE /* Debug */ = {
			isa = XCBuildConfiguration;
			buildSettings = {
				ALWAYS_SEARCH_USER_PATHS = NO;
				CLANG_ANALYZER_NONNULL = YES;
				CLANG_ANALYZER_NUMBER_OBJECT_CONVERSION = YES_AGGRESSIVE;
				CLANG_CXX_LANGUAGE_STANDARD = "gnu++14";
				CLANG_CXX_LIBRARY = "libc++";
				CLANG_ENABLE_MODULES = YES;
				CLANG_ENABLE_OBJC_ARC = YES;
				CLANG_ENABLE_OBJC_WEAK = YES;
				CLANG_WARN_BLOCK_CAPTURE_AUTORELEASING = YES;
				CLANG_WARN_BOOL_CONVERSION = YES;
				CLANG_WARN_COMMA = YES;
				CLANG_WARN_CONSTANT_CONVERSION = YES;
				CLANG_WARN_DEPRECATED_OBJC_IMPLEMENTATIONS = YES;
				CLANG_WARN_DIRECT_OBJC_ISA_USAGE = YES_ERROR;
				CLANG_WARN_DOCUMENTATION_COMMENTS = YES;
				CLANG_WARN_EMPTY_BODY = YES;
				CLANG_WARN_ENUM_CONVERSION = YES;
				CLANG_WARN_INFINITE_RECURSION = YES;
				CLANG_WARN_INT_CONVERSION = YES;
				CLANG_WARN_NON_LITERAL_NULL_CONVERSION = YES;
				CLANG_WARN_OBJC_IMPLICIT_RETAIN_SELF = YES;
				CLANG_WARN_OBJC_LITERAL_CONVERSION = YES;
				CLANG_WARN_OBJC_ROOT_CLASS = YES_ERROR;
				CLANG_WARN_QUOTED_INCLUDE_IN_FRAMEWORK_HEADER = YES;
				CLANG_WARN_RANGE_LOOP_ANALYSIS = YES;
				CLANG_WARN_STRICT_PROTOTYPES = YES;
				CLANG_WARN_SUSPICIOUS_MOVE = YES;
				CLANG_WARN_UNGUARDED_AVAILABILITY = YES_AGGRESSIVE;
				CLANG_WARN_UNREACHABLE_CODE = YES;
				CLANG_WARN__DUPLICATE_METHOD_MATCH = YES;
				COPY_PHASE_STRIP = NO;
				DEBUG_INFORMATION_FORMAT = dwarf;
				ENABLE_STRICT_OBJC_MSGSEND = YES;
				ENABLE_TESTABILITY = YES;
				GCC_C_LANGUAGE_STANDARD = gnu11;
				GCC_DYNAMIC_NO_PIC = NO;
				GCC_NO_COMMON_BLOCKS = YES;
				GCC_OPTIMIZATION_LEVEL = 0;
				GCC_PREPROCESSOR_DEFINITIONS = (
					"DEBUG=1",
					"$(inherited)",
				);
				GCC_WARN_64_TO_32_BIT_CONVERSION = YES;
				GCC_WARN_ABOUT_RETURN_TYPE = YES_ERROR;
				GCC_WARN_UNDECLARED_SELECTOR = YES;
				GCC_WARN_UNINITIALIZED_AUTOS = YES_AGGRESSIVE;
				GCC_WARN_UNUSED_FUNCTION = YES;
				GCC_WARN_UNUSED_VARIABLE = YES;
				IPHONEOS_DEPLOYMENT_TARGET = 14.3;
				MTL_ENABLE_DEBUG_INFO = INCLUDE_SOURCE;
				MTL_FAST_MATH = YES;
				ONLY_ACTIVE_ARCH = YES;
				SDKROOT = iphoneos;
				SWIFT_ACTIVE_COMPILATION_CONDITIONS = DEBUG;
				SWIFT_OPTIMIZATION_LEVEL = "-Onone";
			};
			name = Debug;
		};
		60A66E4425A2C1E8007830CE /* Release */ = {
			isa = XCBuildConfiguration;
			buildSettings = {
				ALWAYS_SEARCH_USER_PATHS = NO;
				CLANG_ANALYZER_NONNULL = YES;
				CLANG_ANALYZER_NUMBER_OBJECT_CONVERSION = YES_AGGRESSIVE;
				CLANG_CXX_LANGUAGE_STANDARD = "gnu++14";
				CLANG_CXX_LIBRARY = "libc++";
				CLANG_ENABLE_MODULES = YES;
				CLANG_ENABLE_OBJC_ARC = YES;
				CLANG_ENABLE_OBJC_WEAK = YES;
				CLANG_WARN_BLOCK_CAPTURE_AUTORELEASING = YES;
				CLANG_WARN_BOOL_CONVERSION = YES;
				CLANG_WARN_COMMA = YES;
				CLANG_WARN_CONSTANT_CONVERSION = YES;
				CLANG_WARN_DEPRECATED_OBJC_IMPLEMENTATIONS = YES;
				CLANG_WARN_DIRECT_OBJC_ISA_USAGE = YES_ERROR;
				CLANG_WARN_DOCUMENTATION_COMMENTS = YES;
				CLANG_WARN_EMPTY_BODY = YES;
				CLANG_WARN_ENUM_CONVERSION = YES;
				CLANG_WARN_INFINITE_RECURSION = YES;
				CLANG_WARN_INT_CONVERSION = YES;
				CLANG_WARN_NON_LITERAL_NULL_CONVERSION = YES;
				CLANG_WARN_OBJC_IMPLICIT_RETAIN_SELF = YES;
				CLANG_WARN_OBJC_LITERAL_CONVERSION = YES;
				CLANG_WARN_OBJC_ROOT_CLASS = YES_ERROR;
				CLANG_WARN_QUOTED_INCLUDE_IN_FRAMEWORK_HEADER = YES;
				CLANG_WARN_RANGE_LOOP_ANALYSIS = YES;
				CLANG_WARN_STRICT_PROTOTYPES = YES;
				CLANG_WARN_SUSPICIOUS_MOVE = YES;
				CLANG_WARN_UNGUARDED_AVAILABILITY = YES_AGGRESSIVE;
				CLANG_WARN_UNREACHABLE_CODE = YES;
				CLANG_WARN__DUPLICATE_METHOD_MATCH = YES;
				COPY_PHASE_STRIP = NO;
				DEBUG_INFORMATION_FORMAT = "dwarf-with-dsym";
				ENABLE_NS_ASSERTIONS = NO;
				ENABLE_STRICT_OBJC_MSGSEND = YES;
				GCC_C_LANGUAGE_STANDARD = gnu11;
				GCC_NO_COMMON_BLOCKS = YES;
				GCC_WARN_64_TO_32_BIT_CONVERSION = YES;
				GCC_WARN_ABOUT_RETURN_TYPE = YES_ERROR;
				GCC_WARN_UNDECLARED_SELECTOR = YES;
				GCC_WARN_UNINITIALIZED_AUTOS = YES_AGGRESSIVE;
				GCC_WARN_UNUSED_FUNCTION = YES;
				GCC_WARN_UNUSED_VARIABLE = YES;
				IPHONEOS_DEPLOYMENT_TARGET = 14.3;
				MTL_ENABLE_DEBUG_INFO = NO;
				MTL_FAST_MATH = YES;
				SDKROOT = iphoneos;
				SWIFT_COMPILATION_MODE = wholemodule;
				SWIFT_OPTIMIZATION_LEVEL = "-O";
				VALIDATE_PRODUCT = YES;
			};
			name = Release;
		};
		60A66E4625A2C1E8007830CE /* Debug */ = {
			isa = XCBuildConfiguration;
			baseConfigurationReference = 79B41000A3E344A87D914296 /* Pods-HYAnimationCollectionView.debug.xcconfig */;
			buildSettings = {
				ASSETCATALOG_COMPILER_APPICON_NAME = AppIcon;
				ASSETCATALOG_COMPILER_GLOBAL_ACCENT_COLOR_NAME = AccentColor;
				CODE_SIGN_STYLE = Automatic;
				DEVELOPMENT_TEAM = EH7NU4NK4M;
				HEADER_SEARCH_PATHS = "\"$(SRCROOT)/HYAnimationCollectionView/Marco.swift\"";
				INFOPLIST_FILE = HYAnimationCollectionView/Info.plist;
				LD_RUNPATH_SEARCH_PATHS = (
					"$(inherited)",
					"@executable_path/Frameworks",
				);
				PRODUCT_BUNDLE_IDENTIFIER = ios.yunzhen.HYAnimationCollectionView;
				PRODUCT_NAME = "$(TARGET_NAME)";
				SWIFT_VERSION = 5.0;
				TARGETED_DEVICE_FAMILY = "1,2";
			};
			name = Debug;
		};
		60A66E4725A2C1E8007830CE /* Release */ = {
			isa = XCBuildConfiguration;
			baseConfigurationReference = D4559AEF8276B95895F5E73A /* Pods-HYAnimationCollectionView.release.xcconfig */;
			buildSettings = {
				ASSETCATALOG_COMPILER_APPICON_NAME = AppIcon;
				ASSETCATALOG_COMPILER_GLOBAL_ACCENT_COLOR_NAME = AccentColor;
				CODE_SIGN_STYLE = Automatic;
				DEVELOPMENT_TEAM = EH7NU4NK4M;
				HEADER_SEARCH_PATHS = "\"$(SRCROOT)/HYAnimationCollectionView/Marco.swift\"";
				INFOPLIST_FILE = HYAnimationCollectionView/Info.plist;
				LD_RUNPATH_SEARCH_PATHS = (
					"$(inherited)",
					"@executable_path/Frameworks",
				);
				PRODUCT_BUNDLE_IDENTIFIER = ios.yunzhen.HYAnimationCollectionView;
				PRODUCT_NAME = "$(TARGET_NAME)";
				SWIFT_VERSION = 5.0;
				TARGETED_DEVICE_FAMILY = "1,2";
			};
			name = Release;
		};
/* End XCBuildConfiguration section */

/* Begin XCConfigurationList section */
		60A66E2C25A2C1E6007830CE /* Build configuration list for PBXProject "HYAnimationCollectionView" */ = {
			isa = XCConfigurationList;
			buildConfigurations = (
				60A66E4325A2C1E8007830CE /* Debug */,
				60A66E4425A2C1E8007830CE /* Release */,
			);
			defaultConfigurationIsVisible = 0;
			defaultConfigurationName = Release;
		};
		60A66E4525A2C1E8007830CE /* Build configuration list for PBXNativeTarget "HYAnimationCollectionView" */ = {
			isa = XCConfigurationList;
			buildConfigurations = (
				60A66E4625A2C1E8007830CE /* Debug */,
				60A66E4725A2C1E8007830CE /* Release */,
			);
			defaultConfigurationIsVisible = 0;
			defaultConfigurationName = Release;
		};
/* End XCConfigurationList section */
	};
	rootObject = 60A66E2925A2C1E6007830CE /* Project object */;
}
